
Microsoft Visual Studio Solution File, Format Version 12.00
# Visual Studio 15
VisualStudioVersion = 15.0.28307.1000
MinimumVisualStudioVersion = 10.0.40219.1
Project("{FAE04EC0-301F-11D3-BF4B-00C04F79EFBC}") = "Domen", "Domen\Domen.csproj", "{C6C7A6AA-A851-4B09-B8E4-612A00A0DB14}"
EndProject
Project("{FAE04EC0-301F-11D3-BF4B-00C04F79EFBC}") = "Klijent", "Klijent\Klijent.csproj", "{B31BFD7C-AB21-4A59-ABAA-CA7D7FA44F4A}"
EndProject
Project("{FAE04EC0-301F-11D3-BF4B-00C04F79EFBC}") = "Server", "Server\Server.csproj", "{725233D0-611E-4394-B74D-7BAF8E2D4C4E}"
EndProject
Global
	GlobalSection(SolutionConfigurationPlatforms) = preSolution
		Debug|Any CPU = Debug|Any CPU
		Release|Any CPU = Release|Any CPU
	EndGlobalSection
	GlobalSection(ProjectConfigurationPlatforms) = postSolution
		{C6C7A6AA-A851-4B09-B8E4-612A00A0DB14}.Debug|Any CPU.ActiveCfg = Debug|Any CPU
		{C6C7A6AA-A851-4B09-B8E4-612A00A0DB14}.Debug|Any CPU.Build.0 = Debug|Any CPU
		{C6C7A6AA-A851-4B09-B8E4-612A00A0DB14}.Release|Any CPU.ActiveCfg = Release|Any CPU
		{C6C7A6AA-A851-4B09-B8E4-612A00A0DB14}.Release|Any CPU.Build.0 = Release|Any CPU
		{B31BFD7C-AB21-4A59-ABAA-CA7D7FA44F4A}.Debug|Any CPU.ActiveCfg = Debug|Any CPU
		{B31BFD7C-AB21-4A59-ABAA-CA7D7FA44F4A}.Debug|Any CPU.Build.0 = Debug|Any CPU
		{B31BFD7C-AB21-4A59-ABAA-CA7D7FA44F4A}.Release|Any CPU.ActiveCfg = Release|Any CPU
		{B31BFD7C-AB21-4A59-ABAA-CA7D7FA44F4A}.Release|Any CPU.Build.0 = Release|Any CPU
		{725233D0-611E-4394-B74D-7BAF8E2D4C4E}.Debug|Any CPU.ActiveCfg = Debug|Any CPU
		{725233D0-611E-4394-B74D-7BAF8E2D4C4E}.Debug|Any CPU.Build.0 = Debug|Any CPU
		{725233D0-611E-4394-B74D-7BAF8E2D4C4E}.Release|Any CPU.ActiveCfg = Release|Any CPU
		{725233D0-611E-4394-B74D-7BAF8E2D4C4E}.Release|Any CPU.Build.0 = Release|Any CPU
	EndGlobalSection
	GlobalSection(SolutionProperties) = preSolution
		HideSolutionNode = FALSE
	EndGlobalSection
	GlobalSection(ExtensibilityGlobals) = postSolution
		SolutionGuid = {64F49E5A-83C9-486D-8164-EB6469B840AA}
	EndGlobalSection
EndGlobal
